
Microsoft Visual Studio Solution File, Format Version 12.00
# Visual Studio Version 16
VisualStudioVersion = 16.0.29709.97
MinimumVisualStudioVersion = 10.0.40219.1
Project("{FAE04EC0-301F-11D3-BF4B-00C04F79EFBC}") = "Laba_prikol", "laba_kamyshov.csproj", "{97A430BC-F153-4E2F-82E9-F932E896B4FC}"
EndProject
Global
	GlobalSection(SolutionConfigurationPlatforms) = preSolution
		Debug|Any CPU = Debug|Any CPU
		Release|Any CPU = Release|Any CPU
	EndGlobalSection
	GlobalSection(ProjectConfigurationPlatforms) = postSolution
		{97A430BC-F153-4E2F-82E9-F932E896B4FC}.Debug|Any CPU.ActiveCfg = Debug|Any CPU
		{97A430BC-F153-4E2F-82E9-F932E896B4FC}.Debug|Any CPU.Build.0 = Debug|Any CPU
		{97A430BC-F153-4E2F-82E9-F932E896B4FC}.Release|Any CPU.ActiveCfg = Release|Any CPU
		{97A430BC-F153-4E2F-82E9-F932E896B4FC}.Release|Any CPU.Build.0 = Release|Any CPU
	EndGlobalSection
	GlobalSection(SolutionProperties) = preSolution
		HideSolutionNode = FALSE
	EndGlobalSection
	GlobalSection(ExtensibilityGlobals) = postSolution
		SolutionGuid = {BCDC7A3B-E872-4968-ACB3-168922CCDBDD}
	EndGlobalSection
EndGlobal
